// !$*UTF8*$!
{
	archiveVersion = 1;
	classes = {
	};
	objectVersion = 50;
	objects = {

/* Begin PBXBuildFile section */
		33DCCFFC24F1DBC8000E9430 /* AppDelegate.swift in Sources */ = {isa = PBXBuildFile; fileRef = 33DCCFFB24F1DBC8000E9430 /* AppDelegate.swift */; };
		33DCCFFE24F1DBC8000E9430 /* art.scnassets in Resources */ = {isa = PBXBuildFile; fileRef = 33DCCFFD24F1DBC8000E9430 /* art.scnassets */; };
		33DCD00024F1DBC8000E9430 /* GameViewController.swift in Sources */ = {isa = PBXBuildFile; fileRef = 33DCCFFF24F1DBC8000E9430 /* GameViewController.swift */; };
		33DCD00324F1DBC8000E9430 /* Main.storyboard in Resources */ = {isa = PBXBuildFile; fileRef = 33DCD00124F1DBC8000E9430 /* Main.storyboard */; };
		33DCD00524F1DBCA000E9430 /* Assets.xcassets in Resources */ = {isa = PBXBuildFile; fileRef = 33DCD00424F1DBCA000E9430 /* Assets.xcassets */; };
		33DCD00824F1DBCA000E9430 /* LaunchScreen.storyboard in Resources */ = {isa = PBXBuildFile; fileRef = 33DCD00624F1DBCA000E9430 /* LaunchScreen.storyboard */; };
/* End PBXBuildFile section */

/* Begin PBXFileReference section */
		33DCCFF824F1DBC8000E9430 /* TheRuins.app */ = {isa = PBXFileReference; explicitFileType = wrapper.application; includeInIndex = 0; path = TheRuins.app; sourceTree = BUILT_PRODUCTS_DIR; };
		33DCCFFB24F1DBC8000E9430 /* AppDelegate.swift */ = {isa = PBXFileReference; lastKnownFileType = sourcecode.swift; path = AppDelegate.swift; sourceTree = "<group>"; };
		33DCCFFD24F1DBC8000E9430 /* art.scnassets */ = {isa = PBXFileReference; lastKnownFileType = wrapper.scnassets; path = art.scnassets; sourceTree = "<group>"; };
		33DCCFFF24F1DBC8000E9430 /* GameViewController.swift */ = {isa = PBXFileReference; lastKnownFileType = sourcecode.swift; path = GameViewController.swift; sourceTree = "<group>"; };
		33DCD00224F1DBC8000E9430 /* Base */ = {isa = PBXFileReference; lastKnownFileType = file.storyboard; name = Base; path = Base.lproj/Main.storyboard; sourceTree = "<group>"; };
		33DCD00424F1DBCA000E9430 /* Assets.xcassets */ = {isa = PBXFileReference; lastKnownFileType = folder.assetcatalog; path = Assets.xcassets; sourceTree = "<group>"; };
		33DCD00724F1DBCA000E9430 /* Base */ = {isa = PBXFileReference; lastKnownFileType = file.storyboard; name = Base; path = Base.lproj/LaunchScreen.storyboard; sourceTree = "<group>"; };
		33DCD00924F1DBCA000E9430 /* Info.plist */ = {isa = PBXFileReference; lastKnownFileType = text.plist.xml; path = Info.plist; sourceTree = "<group>"; };
/* End PBXFileReference section */

/* Begin PBXFrameworksBuildPhase section */
		33DCCFF524F1DBC8000E9430 /* Frameworks */ = {
			isa = PBXFrameworksBuildPhase;
			buildActionMask = 2147483647;
			files = (
			);
			runOnlyForDeploymentPostprocessing = 0;
		};
/* End PBXFrameworksBuildPhase section */

/* Begin PBXGroup section */
		33DCCFEF24F1DBC8000E9430 = {
			isa = PBXGroup;
			children = (
				33DCCFFA24F1DBC8000E9430 /* TheRuins */,
				33DCCFF924F1DBC8000E9430 /* Products */,
			);
			sourceTree = "<group>";
		};
		33DCCFF924F1DBC8000E9430 /* Products */ = {
			isa = PBXGroup;
			children = (
				33DCCFF824F1DBC8000E9430 /* TheRuins.app */,
			);
			name = Products;
			sourceTree = "<group>";
		};
		33DCCFFA24F1DBC8000E9430 /* TheRuins */ = {
			isa = PBXGroup;
			children = (
				33DCCFFB24F1DBC8000E9430 /* AppDelegate.swift */,
				33DCCFFD24F1DBC8000E9430 /* art.scnassets */,
				33DCCFFF24F1DBC8000E9430 /* GameViewController.swift */,
				33DCD00124F1DBC8000E9430 /* Main.storyboard */,
				33DCD00424F1DBCA000E9430 /* Assets.xcassets */,
				33DCD00624F1DBCA000E9430 /* LaunchScreen.storyboard */,
				33DCD00924F1DBCA000E9430 /* Info.plist */,
			);
			path = TheRuins;
			sourceTree = "<group>";
		};
/* End PBXGroup section */

/* Begin PBXNativeTarget section */
		33DCCFF724F1DBC8000E9430 /* TheRuins */ = {
			isa = PBXNativeTarget;
			buildConfigurationList = 33DCD00C24F1DBCA000E9430 /* Build configuration list for PBXNativeTarget "TheRuins" */;
			buildPhases = (
				33DCCFF424F1DBC8000E9430 /* Sources */,
				33DCCFF524F1DBC8000E9430 /* Frameworks */,
				33DCCFF624F1DBC8000E9430 /* Resources */,
			);
			buildRules = (
			);
			dependencies = (
			);
			name = TheRuins;
			productName = TheRuins;
			productReference = 33DCCFF824F1DBC8000E9430 /* TheRuins.app */;
			productType = "com.apple.product-type.application";
		};
/* End PBXNativeTarget section */

/* Begin PBXProject section */
		33DCCFF024F1DBC8000E9430 /* Project object */ = {
			isa = PBXProject;
			attributes = {
				LastSwiftUpdateCheck = 1160;
				LastUpgradeCheck = 1160;
				ORGANIZATIONNAME = SamuelFolledo;
				TargetAttributes = {
					33DCCFF724F1DBC8000E9430 = {
						CreatedOnToolsVersion = 11.6;
					};
				};
			};
			buildConfigurationList = 33DCCFF324F1DBC8000E9430 /* Build configuration list for PBXProject "TheRuins" */;
			compatibilityVersion = "Xcode 9.3";
			developmentRegion = en;
			hasScannedForEncodings = 0;
			knownRegions = (
				en,
				Base,
			);
			mainGroup = 33DCCFEF24F1DBC8000E9430;
			productRefGroup = 33DCCFF924F1DBC8000E9430 /* Products */;
			projectDirPath = "";
			projectRoot = "";
			targets = (
				33DCCFF724F1DBC8000E9430 /* TheRuins */,
			);
		};
/* End PBXProject section */

/* Begin PBXResourcesBuildPhase section */
		33DCCFF624F1DBC8000E9430 /* Resources */ = {
			isa = PBXResourcesBuildPhase;
			buildActionMask = 2147483647;
			files = (
				33DCCFFE24F1DBC8000E9430 /* art.scnassets in Resources */,
				33DCD00824F1DBCA000E9430 /* LaunchScreen.storyboard in Resources */,
				33DCD00524F1DBCA000E9430 /* Assets.xcassets in Resources */,
				33DCD00324F1DBC8000E9430 /* Main.storyboard in Resources */,
			);
			runOnlyForDeploymentPostprocessing = 0;
		};
/* End PBXResourcesBuildPhase section */

/* Begin PBXSourcesBuildPhase section */
		33DCCFF424F1DBC8000E9430 /* Sources */ = {
			isa = PBXSourcesBuildPhase;
			buildActionMask = 2147483647;
			files = (
				33DCD00024F1DBC8000E9430 /* GameViewController.swift in Sources */,
				33DCCFFC24F1DBC8000E9430 /* AppDelegate.swift in Sources */,
			);
			runOnlyForDeploymentPostprocessing = 0;
		};
/* End PBXSourcesBuildPhase section */

/* Begin PBXVariantGroup section */
		33DCD00124F1DBC8000E9430 /* Main.storyboard */ = {
			isa = PBXVariantGroup;
			children = (
				33DCD00224F1DBC8000E9430 /* Base */,
			);
			name = Main.storyboard;
			sourceTree = "<group>";
		};
		33DCD00624F1DBCA000E9430 /* LaunchScreen.storyboard */ = {
			isa = PBXVariantGroup;
			children = (
				33DCD00724F1DBCA000E9430 /* Base */,
			);
			name = LaunchScreen.storyboard;
			sourceTree = "<group>";
		};
/* End PBXVariantGroup section */

/* Begin XCBuildConfiguration section */
		33DCD00A24F1DBCA000E9430 /* Debug */ = {
			isa = XCBuildConfiguration;
			buildSettings = {
				ALWAYS_SEARCH_USER_PATHS = NO;
				CLANG_ANALYZER_NONNULL = YES;
				CLANG_ANALYZER_NUMBER_OBJECT_CONVERSION = YES_AGGRESSIVE;
				CLANG_CXX_LANGUAGE_STANDARD = "gnu++14";
				CLANG_CXX_LIBRARY = "libc++";
				CLANG_ENABLE_MODULES = YES;
				CLANG_ENABLE_OBJC_ARC = YES;
				CLANG_ENABLE_OBJC_WEAK = YES;
				CLANG_WARN_BLOCK_CAPTURE_AUTORELEASING = YES;
				CLANG_WARN_BOOL_CONVERSION = YES;
				CLANG_WARN_COMMA = YES;
				CLANG_WARN_CONSTANT_CONVERSION = YES;
				CLANG_WARN_DEPRECATED_OBJC_IMPLEMENTATIONS = YES;
				CLANG_WARN_DIRECT_OBJC_ISA_USAGE = YES_ERROR;
				CLANG_WARN_DOCUMENTATION_COMMENTS = YES;
				CLANG_WARN_EMPTY_BODY = YES;
				CLANG_WARN_ENUM_CONVERSION = YES;
				CLANG_WARN_INFINITE_RECURSION = YES;
				CLANG_WARN_INT_CONVERSION = YES;
				CLANG_WARN_NON_LITERAL_NULL_CONVERSION = YES;
				CLANG_WARN_OBJC_IMPLICIT_RETAIN_SELF = YES;
				CLANG_WARN_OBJC_LITERAL_CONVERSION = YES;
				CLANG_WARN_OBJC_ROOT_CLASS = YES_ERROR;
				CLANG_WARN_RANGE_LOOP_ANALYSIS = YES;
				CLANG_WARN_STRICT_PROTOTYPES = YES;
				CLANG_WARN_SUSPICIOUS_MOVE = YES;
				CLANG_WARN_UNGUARDED_AVAILABILITY = YES_AGGRESSIVE;
				CLANG_WARN_UNREACHABLE_CODE = YES;
				CLANG_WARN__DUPLICATE_METHOD_MATCH = YES;
				COPY_PHASE_STRIP = NO;
				DEBUG_INFORMATION_FORMAT = dwarf;
				ENABLE_STRICT_OBJC_MSGSEND = YES;
				ENABLE_TESTABILITY = YES;
				GCC_C_LANGUAGE_STANDARD = gnu11;
				GCC_DYNAMIC_NO_PIC = NO;
				GCC_NO_COMMON_BLOCKS = YES;
				GCC_OPTIMIZATION_LEVEL = 0;
				GCC_PREPROCESSOR_DEFINITIONS = (
					"DEBUG=1",
					"$(inherited)",
				);
				GCC_WARN_64_TO_32_BIT_CONVERSION = YES;
				GCC_WARN_ABOUT_RETURN_TYPE = YES_ERROR;
				GCC_WARN_UNDECLARED_SELECTOR = YES;
				GCC_WARN_UNINITIALIZED_AUTOS = YES_AGGRESSIVE;
				GCC_WARN_UNUSED_FUNCTION = YES;
				GCC_WARN_UNUSED_VARIABLE = YES;
				IPHONEOS_DEPLOYMENT_TARGET = 13.6;
				MTL_ENABLE_DEBUG_INFO = INCLUDE_SOURCE;
				MTL_FAST_MATH = YES;
				ONLY_ACTIVE_ARCH = YES;
				SDKROOT = iphoneos;
				SWIFT_ACTIVE_COMPILATION_CONDITIONS = DEBUG;
				SWIFT_OPTIMIZATION_LEVEL = "-Onone";
			};
			name = Debug;
		};
		33DCD00B24F1DBCA000E9430 /* Release */ = {
			isa = XCBuildConfiguration;
			buildSettings = {
				ALWAYS_SEARCH_USER_PATHS = NO;
				CLANG_ANALYZER_NONNULL = YES;
				CLANG_ANALYZER_NUMBER_OBJECT_CONVERSION = YES_AGGRESSIVE;
				CLANG_CXX_LANGUAGE_STANDARD = "gnu++14";
				CLANG_CXX_LIBRARY = "libc++";
				CLANG_ENABLE_MODULES = YES;
				CLANG_ENABLE_OBJC_ARC = YES;
				CLANG_ENABLE_OBJC_WEAK = YES;
				CLANG_WARN_BLOCK_CAPTURE_AUTORELEASING = YES;
				CLANG_WARN_BOOL_CONVERSION = YES;
				CLANG_WARN_COMMA = YES;
				CLANG_WARN_CONSTANT_CONVERSION = YES;
				CLANG_WARN_DEPRECATED_OBJC_IMPLEMENTATIONS = YES;
				CLANG_WARN_DIRECT_OBJC_ISA_USAGE = YES_ERROR;
				CLANG_WARN_DOCUMENTATION_COMMENTS = YES;
				CLANG_WARN_EMPTY_BODY = YES;
				CLANG_WARN_ENUM_CONVERSION = YES;
				CLANG_WARN_INFINITE_RECURSION = YES;
				CLANG_WARN_INT_CONVERSION = YES;
				CLANG_WARN_NON_LITERAL_NULL_CONVERSION = YES;
				CLANG_WARN_OBJC_IMPLICIT_RETAIN_SELF = YES;
				CLANG_WARN_OBJC_LITERAL_CONVERSION = YES;
				CLANG_WARN_OBJC_ROOT_CLASS = YES_ERROR;
				CLANG_WARN_RANGE_LOOP_ANALYSIS = YES;
				CLANG_WARN_STRICT_PROTOTYPES = YES;
				CLANG_WARN_SUSPICIOUS_MOVE = YES;
				CLANG_WARN_UNGUARDED_AVAILABILITY = YES_AGGRESSIVE;
				CLANG_WARN_UNREACHABLE_CODE = YES;
				CLANG_WARN__DUPLICATE_METHOD_MATCH = YES;
				COPY_PHASE_STRIP = NO;
				DEBUG_INFORMATION_FORMAT = "dwarf-with-dsym";
				ENABLE_NS_ASSERTIONS = NO;
				ENABLE_STRICT_OBJC_MSGSEND = YES;
				GCC_C_LANGUAGE_STANDARD = gnu11;
				GCC_NO_COMMON_BLOCKS = YES;
				GCC_WARN_64_TO_32_BIT_CONVERSION = YES;
				GCC_WARN_ABOUT_RETURN_TYPE = YES_ERROR;
				GCC_WARN_UNDECLARED_SELECTOR = YES;
				GCC_WARN_UNINITIALIZED_AUTOS = YES_AGGRESSIVE;
				GCC_WARN_UNUSED_FUNCTION = YES;
				GCC_WARN_UNUSED_VARIABLE = YES;
				IPHONEOS_DEPLOYMENT_TARGET = 13.6;
				MTL_ENABLE_DEBUG_INFO = NO;
				MTL_FAST_MATH = YES;
				SDKROOT = iphoneos;
				SWIFT_COMPILATION_MODE = wholemodule;
				SWIFT_OPTIMIZATION_LEVEL = "-O";
				VALIDATE_PRODUCT = YES;
			};
			name = Release;
		};
		33DCD00D24F1DBCA000E9430 /* Debug */ = {
			isa = XCBuildConfiguration;
			buildSettings = {
				ASSETCATALOG_COMPILER_APPICON_NAME = AppIcon;
				CODE_SIGN_STYLE = Automatic;
				DEVELOPMENT_TEAM = 9NY68F4K3P;
				INFOPLIST_FILE = TheRuins/Info.plist;
				LD_RUNPATH_SEARCH_PATHS = (
					"$(inherited)",
					"@executable_path/Frameworks",
				);
				PRODUCT_BUNDLE_IDENTIFIER = SamuelFolledo.TheRuins;
				PRODUCT_NAME = "$(TARGET_NAME)";
				SWIFT_VERSION = 5.0;
				TARGETED_DEVICE_FAMILY = "1,2";
			};
			name = Debug;
		};
		33DCD00E24F1DBCA000E9430 /* Release */ = {
			isa = XCBuildConfiguration;
			buildSettings = {
				ASSETCATALOG_COMPILER_APPICON_NAME = AppIcon;
				CODE_SIGN_STYLE = Automatic;
				DEVELOPMENT_TEAM = 9NY68F4K3P;
				INFOPLIST_FILE = TheRuins/Info.plist;
				LD_RUNPATH_SEARCH_PATHS = (
					"$(inherited)",
					"@executable_path/Frameworks",
				);
				PRODUCT_BUNDLE_IDENTIFIER = SamuelFolledo.TheRuins;
				PRODUCT_NAME = "$(TARGET_NAME)";
				SWIFT_VERSION = 5.0;
				TARGETED_DEVICE_FAMILY = "1,2";
			};
			name = Release;
		};
/* End XCBuildConfiguration section */

/* Begin XCConfigurationList section */
		33DCCFF324F1DBC8000E9430 /* Build configuration list for PBXProject "TheRuins" */ = {
			isa = XCConfigurationList;
			buildConfigurations = (
				33DCD00A24F1DBCA000E9430 /* Debug */,
				33DCD00B24F1DBCA000E9430 /* Release */,
			);
			defaultConfigurationIsVisible = 0;
			defaultConfigurationName = Release;
		};
		33DCD00C24F1DBCA000E9430 /* Build configuration list for PBXNativeTarget "TheRuins" */ = {
			isa = XCConfigurationList;
			buildConfigurations = (
				33DCD00D24F1DBCA000E9430 /* Debug */,
				33DCD00E24F1DBCA000E9430 /* Release */,
			);
			defaultConfigurationIsVisible = 0;
			defaultConfigurationName = Release;
		};
/* End XCConfigurationList section */
	};
	rootObject = 33DCCFF024F1DBC8000E9430 /* Project object */;
}
